
Microsoft Visual Studio Solution File, Format Version 12.00
# Visual Studio Version 16
VisualStudioVersion = 16.0.29326.143
MinimumVisualStudioVersion = 10.0.40219.1
Project("{9A19103F-16F7-4668-BE54-9A1E7A4F7556}") = "leetcode1", "leetcode1\leetcode1.csproj", "{ACA79F71-4033-4C23-BB65-655BB94E7FB8}"
EndProject
Project("{9A19103F-16F7-4668-BE54-9A1E7A4F7556}") = "leetcode136", "leetcode136\leetcode136.csproj", "{EC87671A-CDB4-472F-81BF-20E6EF485B3C}"
EndProject
Project("{9A19103F-16F7-4668-BE54-9A1E7A4F7556}") = "leetcode15", "leetcode15\leetcode15.csproj", "{26CA0014-17D6-4771-800F-D5E8AE720D16}"
EndProject
Project("{9A19103F-16F7-4668-BE54-9A1E7A4F7556}") = "leetcode27", "leetcode27\leetcode27.csproj", "{9BA22A72-42F9-4500-B725-2F774422B1F2}"
EndProject
Project("{9A19103F-16F7-4668-BE54-9A1E7A4F7556}") = "leetcode7", "leetcode7\leetcode7.csproj", "{13B8C72A-4A78-4DA5-8CEA-3B4CC02C88F9}"
EndProject
Project("{9A19103F-16F7-4668-BE54-9A1E7A4F7556}") = "leetcode9", "leetcode9\leetcode9.csproj", "{AC58E94C-7B9A-4DCB-B2F5-157E929E0B4A}"
EndProject
Project("{9A19103F-16F7-4668-BE54-9A1E7A4F7556}") = "leetcode66", "leetcode66\leetcode66.csproj", "{11F00850-3D76-45C3-9901-054A67E28A0F}"
EndProject
Project("{9A19103F-16F7-4668-BE54-9A1E7A4F7556}") = "leetcode225", "leetcode225\leetcode225.csproj", "{A5328FE5-A63A-4FB5-B2D2-5592EBA1D840}"
EndProject
Project("{9A19103F-16F7-4668-BE54-9A1E7A4F7556}") = "leetcode232", "leetcode232\leetcode232.csproj", "{A858FED4-3D15-4BCA-B095-366E5558A473}"
EndProject
Project("{9A19103F-16F7-4668-BE54-9A1E7A4F7556}") = "leetcode344", "leetcode344\leetcode344.csproj", "{197306D2-DC5A-48D5-B6C3-CE1918CA6D7F}"
EndProject
Project("{9A19103F-16F7-4668-BE54-9A1E7A4F7556}") = "leetcode167", "leetcode167\leetcode167.csproj", "{531049AC-103B-46F7-9BDC-1711C09E8936}"
EndProject
Project("{9A19103F-16F7-4668-BE54-9A1E7A4F7556}") = "leetcode28", "leetcode28\leetcode28.csproj", "{AF145D17-5DF1-4EB8-9788-8C9499B43D68}"
EndProject
Project("{9A19103F-16F7-4668-BE54-9A1E7A4F7556}") = "leetcode26", "leetcode26\leetcode26.csproj", "{667E9A61-4B79-4990-8289-66164F231088}"
EndProject
Project("{9A19103F-16F7-4668-BE54-9A1E7A4F7556}") = "leetcode88", "leetcode88\leetcode88.csproj", "{CDDCA1D0-687A-406A-AF7D-A71ED6DA32CB}"
EndProject
Project("{9A19103F-16F7-4668-BE54-9A1E7A4F7556}") = "leetcode21", "leetcode21\leetcode21.csproj", "{10E74F37-5F38-4F51-BB82-51F6FEF80652}"
EndProject
Project("{9A19103F-16F7-4668-BE54-9A1E7A4F7556}") = "leetcode155", "leetcode155\leetcode155.csproj", "{FB1CBDBD-9BB0-4EEC-AD5C-5595F80DD6AA}"
EndProject
Project("{9A19103F-16F7-4668-BE54-9A1E7A4F7556}") = "leetcode35", "leetcode35\leetcode35.csproj", "{716F6DF1-4008-4696-B55F-FEC643A4D6C2}"
EndProject
Project("{9A19103F-16F7-4668-BE54-9A1E7A4F7556}") = "leetcode349", "leetcode349\leetcode349.csproj", "{F00295C0-5197-4DFB-91F4-AA14071AC7C0}"
EndProject
Project("{9A19103F-16F7-4668-BE54-9A1E7A4F7556}") = "leetcode704", "leetcode704\leetcode704.csproj", "{81C18A8C-C7A7-45AB-A1E3-D814632B9066}"
EndProject
Project("{9A19103F-16F7-4668-BE54-9A1E7A4F7556}") = "leetcode374", "leetcode374\leetcode374.csproj", "{4B4B5C35-0308-4EB3-8E1D-08D6BB08F799}"
EndProject
Project("{9A19103F-16F7-4668-BE54-9A1E7A4F7556}") = "leetcode203", "leetcode203\leetcode203.csproj", "{389A174B-E3D3-4002-99A3-B1876D41CAF2}"
EndProject
Project("{9A19103F-16F7-4668-BE54-9A1E7A4F7556}") = "leetcode83", "leetcode83\leetcode83.csproj", "{8525C656-A87C-4DC7-A33B-03003C39CBFB}"
EndProject
Project("{9A19103F-16F7-4668-BE54-9A1E7A4F7556}") = "leetcode206", "leetcode206\leetcode206.csproj", "{F8BFBC81-E73B-4B78-AA07-AA064F369053}"
EndProject
Project("{9A19103F-16F7-4668-BE54-9A1E7A4F7556}") = "leetcode94", "leetcode94\leetcode94.csproj", "{1D26F518-6492-4B02-8E9B-DF84D0172420}"
EndProject
Project("{9A19103F-16F7-4668-BE54-9A1E7A4F7556}") = "leetcode144", "leetcode144\leetcode144.csproj", "{8AF7ACED-7235-46C2-8786-206424E3DF4F}"
EndProject
Project("{9A19103F-16F7-4668-BE54-9A1E7A4F7556}") = "leetcode145", "leetcode145\leetcode145.csproj", "{3AC8A4F1-F925-402B-A5D3-8A02F514535C}"
EndProject
Project("{9A19103F-16F7-4668-BE54-9A1E7A4F7556}") = "leetcode589", "leetcode589\leetcode589.csproj", "{69DF200C-58EA-44F4-BDD3-DC3090E4B26C}"
EndProject
Project("{9A19103F-16F7-4668-BE54-9A1E7A4F7556}") = "leetcode590", "leetcode590\leetcode590.csproj", "{F171E5FA-F097-4C38-9733-A28E0D1ACC9E}"
EndProject
Project("{9A19103F-16F7-4668-BE54-9A1E7A4F7556}") = "leetcode429", "leetcode429\leetcode429.csproj", "{E82ABF19-9BF7-46A5-87AA-2FF7D2A738F9}"
EndProject
Project("{9A19103F-16F7-4668-BE54-9A1E7A4F7556}") = "leetcode20", "leetcode20\leetcode20.csproj", "{AB6EAB88-17CF-4163-84A8-CDBE55796AB3}"
EndProject
Project("{9A19103F-16F7-4668-BE54-9A1E7A4F7556}") = "leetcode13", "leetcode13\leetcode13.csproj", "{1A1BD6EE-2940-49EE-98FB-7E96ED2760F9}"
EndProject
Project("{9A19103F-16F7-4668-BE54-9A1E7A4F7556}") = "leetcode125", "leetcode125\leetcode125.csproj", "{08A37C6D-EBC7-46A3-AFF7-B44BEEC95995}"
EndProject
Project("{9A19103F-16F7-4668-BE54-9A1E7A4F7556}") = "leetcode102", "leetcode102\leetcode102.csproj", "{CC5F3D57-BFEF-4002-956B-2B12478C3CD9}"
EndProject
Project("{9A19103F-16F7-4668-BE54-9A1E7A4F7556}") = "leetcode103", "leetcode103\leetcode103.csproj", "{C9B7FDC5-0317-46D4-B217-43850C190368}"
EndProject
Project("{9A19103F-16F7-4668-BE54-9A1E7A4F7556}") = "leetcode415", "leetcode425\leetcode415.csproj", "{F477ECF5-0261-425D-9307-E80EE700626E}"
EndProject
Project("{9A19103F-16F7-4668-BE54-9A1E7A4F7556}") = "leetcode146", "leetcode146\leetcode146.csproj", "{47338030-C6CA-4F69-BA8E-642571219A32}"
EndProject
Project("{FAE04EC0-301F-11D3-BF4B-00C04F79EFBC}") = "leetcode2", "leetcode2\leetcode2.csproj", "{CB15B656-7825-417E-A557-DBE130A2AE44}"
EndProject
Global
	GlobalSection(SolutionConfigurationPlatforms) = preSolution
		Debug|Any CPU = Debug|Any CPU
		Release|Any CPU = Release|Any CPU
	EndGlobalSection
	GlobalSection(ProjectConfigurationPlatforms) = postSolution
		{ACA79F71-4033-4C23-BB65-655BB94E7FB8}.Debug|Any CPU.ActiveCfg = Debug|Any CPU
		{ACA79F71-4033-4C23-BB65-655BB94E7FB8}.Debug|Any CPU.Build.0 = Debug|Any CPU
		{ACA79F71-4033-4C23-BB65-655BB94E7FB8}.Release|Any CPU.ActiveCfg = Release|Any CPU
		{ACA79F71-4033-4C23-BB65-655BB94E7FB8}.Release|Any CPU.Build.0 = Release|Any CPU
		{EC87671A-CDB4-472F-81BF-20E6EF485B3C}.Debug|Any CPU.ActiveCfg = Debug|Any CPU
		{EC87671A-CDB4-472F-81BF-20E6EF485B3C}.Debug|Any CPU.Build.0 = Debug|Any CPU
		{EC87671A-CDB4-472F-81BF-20E6EF485B3C}.Release|Any CPU.ActiveCfg = Release|Any CPU
		{EC87671A-CDB4-472F-81BF-20E6EF485B3C}.Release|Any CPU.Build.0 = Release|Any CPU
		{26CA0014-17D6-4771-800F-D5E8AE720D16}.Debug|Any CPU.ActiveCfg = Debug|Any CPU
		{26CA0014-17D6-4771-800F-D5E8AE720D16}.Debug|Any CPU.Build.0 = Debug|Any CPU
		{26CA0014-17D6-4771-800F-D5E8AE720D16}.Release|Any CPU.ActiveCfg = Release|Any CPU
		{26CA0014-17D6-4771-800F-D5E8AE720D16}.Release|Any CPU.Build.0 = Release|Any CPU
		{9BA22A72-42F9-4500-B725-2F774422B1F2}.Debug|Any CPU.ActiveCfg = Debug|Any CPU
		{9BA22A72-42F9-4500-B725-2F774422B1F2}.Debug|Any CPU.Build.0 = Debug|Any CPU
		{9BA22A72-42F9-4500-B725-2F774422B1F2}.Release|Any CPU.ActiveCfg = Release|Any CPU
		{9BA22A72-42F9-4500-B725-2F774422B1F2}.Release|Any CPU.Build.0 = Release|Any CPU
		{13B8C72A-4A78-4DA5-8CEA-3B4CC02C88F9}.Debug|Any CPU.ActiveCfg = Debug|Any CPU
		{13B8C72A-4A78-4DA5-8CEA-3B4CC02C88F9}.Debug|Any CPU.Build.0 = Debug|Any CPU
		{13B8C72A-4A78-4DA5-8CEA-3B4CC02C88F9}.Release|Any CPU.ActiveCfg = Release|Any CPU
		{13B8C72A-4A78-4DA5-8CEA-3B4CC02C88F9}.Release|Any CPU.Build.0 = Release|Any CPU
		{AC58E94C-7B9A-4DCB-B2F5-157E929E0B4A}.Debug|Any CPU.ActiveCfg = Debug|Any CPU
		{AC58E94C-7B9A-4DCB-B2F5-157E929E0B4A}.Debug|Any CPU.Build.0 = Debug|Any CPU
		{AC58E94C-7B9A-4DCB-B2F5-157E929E0B4A}.Release|Any CPU.ActiveCfg = Release|Any CPU
		{AC58E94C-7B9A-4DCB-B2F5-157E929E0B4A}.Release|Any CPU.Build.0 = Release|Any CPU
		{11F00850-3D76-45C3-9901-054A67E28A0F}.Debug|Any CPU.ActiveCfg = Debug|Any CPU
		{11F00850-3D76-45C3-9901-054A67E28A0F}.Debug|Any CPU.Build.0 = Debug|Any CPU
		{11F00850-3D76-45C3-9901-054A67E28A0F}.Release|Any CPU.ActiveCfg = Release|Any CPU
		{11F00850-3D76-45C3-9901-054A67E28A0F}.Release|Any CPU.Build.0 = Release|Any CPU
		{A5328FE5-A63A-4FB5-B2D2-5592EBA1D840}.Debug|Any CPU.ActiveCfg = Debug|Any CPU
		{A5328FE5-A63A-4FB5-B2D2-5592EBA1D840}.Debug|Any CPU.Build.0 = Debug|Any CPU
		{A5328FE5-A63A-4FB5-B2D2-5592EBA1D840}.Release|Any CPU.ActiveCfg = Release|Any CPU
		{A5328FE5-A63A-4FB5-B2D2-5592EBA1D840}.Release|Any CPU.Build.0 = Release|Any CPU
		{A858FED4-3D15-4BCA-B095-366E5558A473}.Debug|Any CPU.ActiveCfg = Debug|Any CPU
		{A858FED4-3D15-4BCA-B095-366E5558A473}.Debug|Any CPU.Build.0 = Debug|Any CPU
		{A858FED4-3D15-4BCA-B095-366E5558A473}.Release|Any CPU.ActiveCfg = Release|Any CPU
		{A858FED4-3D15-4BCA-B095-366E5558A473}.Release|Any CPU.Build.0 = Release|Any CPU
		{197306D2-DC5A-48D5-B6C3-CE1918CA6D7F}.Debug|Any CPU.ActiveCfg = Debug|Any CPU
		{197306D2-DC5A-48D5-B6C3-CE1918CA6D7F}.Debug|Any CPU.Build.0 = Debug|Any CPU
		{197306D2-DC5A-48D5-B6C3-CE1918CA6D7F}.Release|Any CPU.ActiveCfg = Release|Any CPU
		{197306D2-DC5A-48D5-B6C3-CE1918CA6D7F}.Release|Any CPU.Build.0 = Release|Any CPU
		{531049AC-103B-46F7-9BDC-1711C09E8936}.Debug|Any CPU.ActiveCfg = Debug|Any CPU
		{531049AC-103B-46F7-9BDC-1711C09E8936}.Debug|Any CPU.Build.0 = Debug|Any CPU
		{531049AC-103B-46F7-9BDC-1711C09E8936}.Release|Any CPU.ActiveCfg = Release|Any CPU
		{531049AC-103B-46F7-9BDC-1711C09E8936}.Release|Any CPU.Build.0 = Release|Any CPU
		{AF145D17-5DF1-4EB8-9788-8C9499B43D68}.Debug|Any CPU.ActiveCfg = Debug|Any CPU
		{AF145D17-5DF1-4EB8-9788-8C9499B43D68}.Debug|Any CPU.Build.0 = Debug|Any CPU
		{AF145D17-5DF1-4EB8-9788-8C9499B43D68}.Release|Any CPU.ActiveCfg = Release|Any CPU
		{AF145D17-5DF1-4EB8-9788-8C9499B43D68}.Release|Any CPU.Build.0 = Release|Any CPU
		{667E9A61-4B79-4990-8289-66164F231088}.Debug|Any CPU.ActiveCfg = Debug|Any CPU
		{667E9A61-4B79-4990-8289-66164F231088}.Debug|Any CPU.Build.0 = Debug|Any CPU
		{667E9A61-4B79-4990-8289-66164F231088}.Release|Any CPU.ActiveCfg = Release|Any CPU
		{667E9A61-4B79-4990-8289-66164F231088}.Release|Any CPU.Build.0 = Release|Any CPU
		{CDDCA1D0-687A-406A-AF7D-A71ED6DA32CB}.Debug|Any CPU.ActiveCfg = Debug|Any CPU
		{CDDCA1D0-687A-406A-AF7D-A71ED6DA32CB}.Debug|Any CPU.Build.0 = Debug|Any CPU
		{CDDCA1D0-687A-406A-AF7D-A71ED6DA32CB}.Release|Any CPU.ActiveCfg = Release|Any CPU
		{CDDCA1D0-687A-406A-AF7D-A71ED6DA32CB}.Release|Any CPU.Build.0 = Release|Any CPU
		{10E74F37-5F38-4F51-BB82-51F6FEF80652}.Debug|Any CPU.ActiveCfg = Debug|Any CPU
		{10E74F37-5F38-4F51-BB82-51F6FEF80652}.Debug|Any CPU.Build.0 = Debug|Any CPU
		{10E74F37-5F38-4F51-BB82-51F6FEF80652}.Release|Any CPU.ActiveCfg = Release|Any CPU
		{10E74F37-5F38-4F51-BB82-51F6FEF80652}.Release|Any CPU.Build.0 = Release|Any CPU
		{FB1CBDBD-9BB0-4EEC-AD5C-5595F80DD6AA}.Debug|Any CPU.ActiveCfg = Debug|Any CPU
		{FB1CBDBD-9BB0-4EEC-AD5C-5595F80DD6AA}.Debug|Any CPU.Build.0 = Debug|Any CPU
		{FB1CBDBD-9BB0-4EEC-AD5C-5595F80DD6AA}.Release|Any CPU.ActiveCfg = Release|Any CPU
		{FB1CBDBD-9BB0-4EEC-AD5C-5595F80DD6AA}.Release|Any CPU.Build.0 = Release|Any CPU
		{716F6DF1-4008-4696-B55F-FEC643A4D6C2}.Debug|Any CPU.ActiveCfg = Debug|Any CPU
		{716F6DF1-4008-4696-B55F-FEC643A4D6C2}.Debug|Any CPU.Build.0 = Debug|Any CPU
		{716F6DF1-4008-4696-B55F-FEC643A4D6C2}.Release|Any CPU.ActiveCfg = Release|Any CPU
		{716F6DF1-4008-4696-B55F-FEC643A4D6C2}.Release|Any CPU.Build.0 = Release|Any CPU
		{F00295C0-5197-4DFB-91F4-AA14071AC7C0}.Debug|Any CPU.ActiveCfg = Debug|Any CPU
		{F00295C0-5197-4DFB-91F4-AA14071AC7C0}.Debug|Any CPU.Build.0 = Debug|Any CPU
		{F00295C0-5197-4DFB-91F4-AA14071AC7C0}.Release|Any CPU.ActiveCfg = Release|Any CPU
		{F00295C0-5197-4DFB-91F4-AA14071AC7C0}.Release|Any CPU.Build.0 = Release|Any CPU
		{81C18A8C-C7A7-45AB-A1E3-D814632B9066}.Debug|Any CPU.ActiveCfg = Debug|Any CPU
		{81C18A8C-C7A7-45AB-A1E3-D814632B9066}.Debug|Any CPU.Build.0 = Debug|Any CPU
		{81C18A8C-C7A7-45AB-A1E3-D814632B9066}.Release|Any CPU.ActiveCfg = Release|Any CPU
		{81C18A8C-C7A7-45AB-A1E3-D814632B9066}.Release|Any CPU.Build.0 = Release|Any CPU
		{4B4B5C35-0308-4EB3-8E1D-08D6BB08F799}.Debug|Any CPU.ActiveCfg = Debug|Any CPU
		{4B4B5C35-0308-4EB3-8E1D-08D6BB08F799}.Debug|Any CPU.Build.0 = Debug|Any CPU
		{4B4B5C35-0308-4EB3-8E1D-08D6BB08F799}.Release|Any CPU.ActiveCfg = Release|Any CPU
		{4B4B5C35-0308-4EB3-8E1D-08D6BB08F799}.Release|Any CPU.Build.0 = Release|Any CPU
		{389A174B-E3D3-4002-99A3-B1876D41CAF2}.Debug|Any CPU.ActiveCfg = Debug|Any CPU
		{389A174B-E3D3-4002-99A3-B1876D41CAF2}.Debug|Any CPU.Build.0 = Debug|Any CPU
		{389A174B-E3D3-4002-99A3-B1876D41CAF2}.Release|Any CPU.ActiveCfg = Release|Any CPU
		{389A174B-E3D3-4002-99A3-B1876D41CAF2}.Release|Any CPU.Build.0 = Release|Any CPU
		{8525C656-A87C-4DC7-A33B-03003C39CBFB}.Debug|Any CPU.ActiveCfg = Debug|Any CPU
		{8525C656-A87C-4DC7-A33B-03003C39CBFB}.Debug|Any CPU.Build.0 = Debug|Any CPU
		{8525C656-A87C-4DC7-A33B-03003C39CBFB}.Release|Any CPU.ActiveCfg = Release|Any CPU
		{8525C656-A87C-4DC7-A33B-03003C39CBFB}.Release|Any CPU.Build.0 = Release|Any CPU
		{F8BFBC81-E73B-4B78-AA07-AA064F369053}.Debug|Any CPU.ActiveCfg = Debug|Any CPU
		{F8BFBC81-E73B-4B78-AA07-AA064F369053}.Debug|Any CPU.Build.0 = Debug|Any CPU
		{F8BFBC81-E73B-4B78-AA07-AA064F369053}.Release|Any CPU.ActiveCfg = Release|Any CPU
		{F8BFBC81-E73B-4B78-AA07-AA064F369053}.Release|Any CPU.Build.0 = Release|Any CPU
		{1D26F518-6492-4B02-8E9B-DF84D0172420}.Debug|Any CPU.ActiveCfg = Debug|Any CPU
		{1D26F518-6492-4B02-8E9B-DF84D0172420}.Debug|Any CPU.Build.0 = Debug|Any CPU
		{1D26F518-6492-4B02-8E9B-DF84D0172420}.Release|Any CPU.ActiveCfg = Release|Any CPU
		{1D26F518-6492-4B02-8E9B-DF84D0172420}.Release|Any CPU.Build.0 = Release|Any CPU
		{8AF7ACED-7235-46C2-8786-206424E3DF4F}.Debug|Any CPU.ActiveCfg = Debug|Any CPU
		{8AF7ACED-7235-46C2-8786-206424E3DF4F}.Debug|Any CPU.Build.0 = Debug|Any CPU
		{8AF7ACED-7235-46C2-8786-206424E3DF4F}.Release|Any CPU.ActiveCfg = Release|Any CPU
		{8AF7ACED-7235-46C2-8786-206424E3DF4F}.Release|Any CPU.Build.0 = Release|Any CPU
		{3AC8A4F1-F925-402B-A5D3-8A02F514535C}.Debug|Any CPU.ActiveCfg = Debug|Any CPU
		{3AC8A4F1-F925-402B-A5D3-8A02F514535C}.Debug|Any CPU.Build.0 = Debug|Any CPU
		{3AC8A4F1-F925-402B-A5D3-8A02F514535C}.Release|Any CPU.ActiveCfg = Release|Any CPU
		{3AC8A4F1-F925-402B-A5D3-8A02F514535C}.Release|Any CPU.Build.0 = Release|Any CPU
		{69DF200C-58EA-44F4-BDD3-DC3090E4B26C}.Debug|Any CPU.ActiveCfg = Debug|Any CPU
		{69DF200C-58EA-44F4-BDD3-DC3090E4B26C}.Debug|Any CPU.Build.0 = Debug|Any CPU
		{69DF200C-58EA-44F4-BDD3-DC3090E4B26C}.Release|Any CPU.ActiveCfg = Release|Any CPU
		{69DF200C-58EA-44F4-BDD3-DC3090E4B26C}.Release|Any CPU.Build.0 = Release|Any CPU
		{F171E5FA-F097-4C38-9733-A28E0D1ACC9E}.Debug|Any CPU.ActiveCfg = Debug|Any CPU
		{F171E5FA-F097-4C38-9733-A28E0D1ACC9E}.Debug|Any CPU.Build.0 = Debug|Any CPU
		{F171E5FA-F097-4C38-9733-A28E0D1ACC9E}.Release|Any CPU.ActiveCfg = Release|Any CPU
		{F171E5FA-F097-4C38-9733-A28E0D1ACC9E}.Release|Any CPU.Build.0 = Release|Any CPU
		{E82ABF19-9BF7-46A5-87AA-2FF7D2A738F9}.Debug|Any CPU.ActiveCfg = Debug|Any CPU
		{E82ABF19-9BF7-46A5-87AA-2FF7D2A738F9}.Debug|Any CPU.Build.0 = Debug|Any CPU
		{E82ABF19-9BF7-46A5-87AA-2FF7D2A738F9}.Release|Any CPU.ActiveCfg = Release|Any CPU
		{E82ABF19-9BF7-46A5-87AA-2FF7D2A738F9}.Release|Any CPU.Build.0 = Release|Any CPU
		{AB6EAB88-17CF-4163-84A8-CDBE55796AB3}.Debug|Any CPU.ActiveCfg = Debug|Any CPU
		{AB6EAB88-17CF-4163-84A8-CDBE55796AB3}.Debug|Any CPU.Build.0 = Debug|Any CPU
		{AB6EAB88-17CF-4163-84A8-CDBE55796AB3}.Release|Any CPU.ActiveCfg = Release|Any CPU
		{AB6EAB88-17CF-4163-84A8-CDBE55796AB3}.Release|Any CPU.Build.0 = Release|Any CPU
		{1A1BD6EE-2940-49EE-98FB-7E96ED2760F9}.Debug|Any CPU.ActiveCfg = Debug|Any CPU
		{1A1BD6EE-2940-49EE-98FB-7E96ED2760F9}.Debug|Any CPU.Build.0 = Debug|Any CPU
		{1A1BD6EE-2940-49EE-98FB-7E96ED2760F9}.Release|Any CPU.ActiveCfg = Release|Any CPU
		{1A1BD6EE-2940-49EE-98FB-7E96ED2760F9}.Release|Any CPU.Build.0 = Release|Any CPU
		{08A37C6D-EBC7-46A3-AFF7-B44BEEC95995}.Debug|Any CPU.ActiveCfg = Debug|Any CPU
		{08A37C6D-EBC7-46A3-AFF7-B44BEEC95995}.Debug|Any CPU.Build.0 = Debug|Any CPU
		{08A37C6D-EBC7-46A3-AFF7-B44BEEC95995}.Release|Any CPU.ActiveCfg = Release|Any CPU
		{08A37C6D-EBC7-46A3-AFF7-B44BEEC95995}.Release|Any CPU.Build.0 = Release|Any CPU
		{CC5F3D57-BFEF-4002-956B-2B12478C3CD9}.Debug|Any CPU.ActiveCfg = Debug|Any CPU
		{CC5F3D57-BFEF-4002-956B-2B12478C3CD9}.Debug|Any CPU.Build.0 = Debug|Any CPU
		{CC5F3D57-BFEF-4002-956B-2B12478C3CD9}.Release|Any CPU.ActiveCfg = Release|Any CPU
		{CC5F3D57-BFEF-4002-956B-2B12478C3CD9}.Release|Any CPU.Build.0 = Release|Any CPU
		{C9B7FDC5-0317-46D4-B217-43850C190368}.Debug|Any CPU.ActiveCfg = Debug|Any CPU
		{C9B7FDC5-0317-46D4-B217-43850C190368}.Debug|Any CPU.Build.0 = Debug|Any CPU
		{C9B7FDC5-0317-46D4-B217-43850C190368}.Release|Any CPU.ActiveCfg = Release|Any CPU
		{C9B7FDC5-0317-46D4-B217-43850C190368}.Release|Any CPU.Build.0 = Release|Any CPU
		{F477ECF5-0261-425D-9307-E80EE700626E}.Debug|Any CPU.ActiveCfg = Debug|Any CPU
		{F477ECF5-0261-425D-9307-E80EE700626E}.Debug|Any CPU.Build.0 = Debug|Any CPU
		{F477ECF5-0261-425D-9307-E80EE700626E}.Release|Any CPU.ActiveCfg = Release|Any CPU
		{F477ECF5-0261-425D-9307-E80EE700626E}.Release|Any CPU.Build.0 = Release|Any CPU
		{47338030-C6CA-4F69-BA8E-642571219A32}.Debug|Any CPU.ActiveCfg = Debug|Any CPU
		{47338030-C6CA-4F69-BA8E-642571219A32}.Debug|Any CPU.Build.0 = Debug|Any CPU
		{47338030-C6CA-4F69-BA8E-642571219A32}.Release|Any CPU.ActiveCfg = Release|Any CPU
		{47338030-C6CA-4F69-BA8E-642571219A32}.Release|Any CPU.Build.0 = Release|Any CPU
		{CB15B656-7825-417E-A557-DBE130A2AE44}.Debug|Any CPU.ActiveCfg = Debug|Any CPU
		{CB15B656-7825-417E-A557-DBE130A2AE44}.Debug|Any CPU.Build.0 = Debug|Any CPU
		{CB15B656-7825-417E-A557-DBE130A2AE44}.Release|Any CPU.ActiveCfg = Release|Any CPU
		{CB15B656-7825-417E-A557-DBE130A2AE44}.Release|Any CPU.Build.0 = Release|Any CPU
	EndGlobalSection
	GlobalSection(SolutionProperties) = preSolution
		HideSolutionNode = FALSE
	EndGlobalSection
	GlobalSection(ExtensibilityGlobals) = postSolution
		SolutionGuid = {7E4A0CC1-39B4-40B2-B486-7334E644FFC9}
	EndGlobalSection
EndGlobal
